{
  "name": "blahblah",
  "lockfileVersion": 3,
  "requires": true,
  "packages": {
    "": {
      "dependencies": {
        "flag-icons": "^7.5.0",
        "gsap": "^3.14.2",
        "swiper": "^12.1.2"
      }
    },
    "node_modules/flag-icons": {
      "version": "7.5.0",
      "resolved": "https://registry.npmjs.org/flag-icons/-/flag-icons-7.5.0.tgz",
      "integrity": "sha512-kd+MNXviFIg5hijH766tt+3x76ele1AXlo4zDdCxIvqWZhKt4T83bOtxUOOMlTx/EcFdUMH5yvQgYlFh1EqqFg=="
    },
    "node_modules/gsap": {
      "version": "3.14.2",
      "resolved": "https://registry.npmjs.org/gsap/-/gsap-3.14.2.tgz",
      "integrity": "sha512-P8/mMxVLU7o4+55+1TCnQrPmgjPKnwkzkXOK1asnR9Jg2lna4tEY5qBJjMmAaOBDDZWtlRjBXjLa0w53G/uBLA=="
    },
    "node_modules/swiper": {
      "version": "12.1.2",
      "resolved": "https://registry.npmjs.org/swiper/-/swiper-12.1.2.tgz",
      "integrity": "sha512-4gILrI3vXZqoZh71I1PALqukCFgk+gpOwe1tOvz5uE9kHtl2gTDzmYflYCwWvR4LOvCrJi6UEEU+gnuW5BtkgQ==",
      "funding": [
        {
          "type": "patreon",
          "url": "https://www.patreon.com/swiperjs"
        },
        {
          "type": "open_collective",
          "url": "http://opencollective.com/swiper"
        }
      ],
      "engines": {
        "node": ">= 4.7.0"
      }
    }
  }
}
